{
  "requires": true,
  "lockfileVersion": 1,
  "dependencies": {
    "calc": {
      "version": "0.0.2",
      "resolved": "https://registry.npmjs.org/calc/-/calc-0.0.2.tgz",
      "integrity": "sha512-UqPa9F/Yl19unzN/QLFTVuEV2vlsx0aTnkfFL+uTTuB1SP3Ptsa5RHfX+Xo8VqpJjTOQslOeoICwnOYMv65pEw=="
    }
  }
}
